<?xml version="1.0" encoding="UTF-8" standalone="yes" ?>
<CodeBlocks_project_file>
	<FileVersion major="1" minor="6" />
	<Project>
		<Option title="neural_networks" />
		<Option pch_mode="2" />
		<Option compiler="gcc" />
		<Build>
			<Target title="Debug">
				<Option output="../bin/Debug/neural_networks" prefix_auto="1" extension_auto="1" />
				<Option object_output="../obj/Debug/" />
				<Option type="1" />
				<Option compiler="gcc" />
				<Option parameters="../data/convolutional_CIFAR.yaml  ../data/fully_connected.yaml ../data/convolutional.yaml" />
				<Compiler>
					<Add option="-std=c++11" />
					<Add option="-g" />
					<Add directory="/usr/include/yaml-cpp" />
				</Compiler>
			</Target>
			<Target title="Release">
				<Option output="../bin/Release/neural_networks" prefix_auto="1" extension_auto="1" />
				<Option object_output="../obj/Release/" />
				<Option type="1" />
				<Option compiler="gcc" />
				<Option parameters="../data/convolutional_CIFAR.yaml  ../data/fully_connected.yaml ../data/convolutional.yaml" />
				<Compiler>
					<Add option="-O3" />
					<Add option="-std=c++11" />
				</Compiler>
				<Linker>
					<Add option="-s" />
				</Linker>
			</Target>
		</Build>
		<Compiler>
			<Add option="-march=corei7" />
			<Add option="-Wall" />
			<Add option="-std=c++11" />
			<Add option="-m64" />
			<Add option="-fexceptions" />
			<Add directory="/usr/include/yaml-cpp" />
		</Compiler>
		<Linker>
			<Add option="-m64" />
			<Add option="-lyaml-cpp" />
			<Add library="pthread" />
		</Linker>
		<Unit filename="SGD.cpp" />
		<Unit filename="SGD.h">
			<Option target="&lt;{~None~}&gt;" />
		</Unit>
		<Unit filename="additional.cpp" />
		<Unit filename="additional.h">
			<Option target="&lt;{~None~}&gt;" />
		</Unit>
		<Unit filename="data_loader/data_loader.cpp" />
		<Unit filename="data_loader/data_loader.h">
			<Option target="&lt;{~None~}&gt;" />
		</Unit>
		<Unit filename="exceptions/exceptions.cpp" />
		<Unit filename="exceptions/exceptions.h">
			<Option target="&lt;{~None~}&gt;" />
		</Unit>
		<Unit filename="layers/Convolutional.cpp" />
		<Unit filename="layers/Convolutional.h">
			<Option target="&lt;{~None~}&gt;" />
		</Unit>
		<Unit filename="layers/Feature_map.cpp" />
		<Unit filename="layers/FullyConnected.cpp" />
		<Unit filename="layers/Inputlayer.cpp" />
		<Unit filename="layers/Pooling.cpp" />
		<Unit filename="layers/Pooling.h">
			<Option target="&lt;{~None~}&gt;" />
		</Unit>
		<Unit filename="layers/Softmax.cpp" />
		<Unit filename="layers/layerdescriptor.cpp">
			<Option weight="40" />
		</Unit>
		<Unit filename="layers/layers.cpp">
			<Option weight="0" />
		</Unit>
		<Unit filename="layers/layers.h">
			<Option target="&lt;{~None~}&gt;" />
		</Unit>
		<Unit filename="main.cpp" />
		<Unit filename="matrix/matrix.cpp" />
		<Unit filename="matrix/matrix.h">
			<Option target="&lt;{~None~}&gt;" />
		</Unit>
		<Unit filename="multithreading/threadpool.cpp" />
		<Unit filename="multithreading/threadpool.h">
			<Option target="&lt;{~None~}&gt;" />
		</Unit>
		<Unit filename="network.cpp">
			<Option weight="100" />
		</Unit>
		<Unit filename="network.h">
			<Option target="&lt;{~None~}&gt;" />
		</Unit>
		<Unit filename="neurons/neuron.cpp" />
		<Unit filename="neurons/neuron.h">
			<Option target="&lt;{~None~}&gt;" />
		</Unit>
		<Extensions />
	</Project>
</CodeBlocks_project_file>
